
Microsoft Visual Studio Solution File, Format Version 12.00
# Visual Studio Version 17
VisualStudioVersion = 17.3.32819.101
MinimumVisualStudioVersion = 10.0.40219.1
Project("{FAE04EC0-301F-11D3-BF4B-00C04F79EFBC}") = "JsonTutorial", "JsonTutorial\JsonTutorial.csproj", "{F216A9E4-FE6D-4AAB-B750-1FF44A8706A5}"
EndProject
Global
	GlobalSection(SolutionConfigurationPlatforms) = preSolution
		Debug|Any CPU = Debug|Any CPU
		Release|Any CPU = Release|Any CPU
	EndGlobalSection
	GlobalSection(ProjectConfigurationPlatforms) = postSolution
		{F216A9E4-FE6D-4AAB-B750-1FF44A8706A5}.Debug|Any CPU.ActiveCfg = Debug|Any CPU
		{F216A9E4-FE6D-4AAB-B750-1FF44A8706A5}.Debug|Any CPU.Build.0 = Debug|Any CPU
		{F216A9E4-FE6D-4AAB-B750-1FF44A8706A5}.Release|Any CPU.ActiveCfg = Release|Any CPU
		{F216A9E4-FE6D-4AAB-B750-1FF44A8706A5}.Release|Any CPU.Build.0 = Release|Any CPU
	EndGlobalSection
	GlobalSection(SolutionProperties) = preSolution
		HideSolutionNode = FALSE
	EndGlobalSection
	GlobalSection(ExtensibilityGlobals) = postSolution
		SolutionGuid = {0DEF02FF-6E3D-430F-8089-45D85C300600}
	EndGlobalSection
EndGlobal
